version = 1

[dependencies.anthropic-skills]
url = "https://github.com/anthropics/skills"
commit = "12ab35c2eb5668c95810e6a6066f40f4218adc39"

[dependencies.caveman]
url = "https://github.com/JuliusBrussee/caveman"
version = "v1.5.1"
commit = "600e8efcd6aca4006051ca2a889aa8100a9b3967"

[dependencies.meridian-base]
url = "https://github.com/meridian-flow/meridian-base"
version = "v0.0.14"
commit = "45d6e2e7195ccf7b0412435e5ba6b8cf4e3a0178"

[dependencies.meridian-dev-workflow]
url = "https://github.com/meridian-flow/meridian-dev-workflow"
version = "v0.0.19"
commit = "71cd276a085eead9dc0ae000c16e2cce758e29d6"

[items."agents/architect.md"]
source = "meridian-dev-workflow"
kind = "agent"
version = "v0.0.19"
source_checksum = "sha256:82c742f4a3104135e43f89505d67b796bba196a9f609d92cefb80a9278a1478c"
installed_checksum = "sha256:82c742f4a3104135e43f89505d67b796bba196a9f609d92cefb80a9278a1478c"
dest_path = "agents/architect.md"

[items."agents/browser-tester.md"]
source = "meridian-dev-workflow"
kind = "agent"
version = "v0.0.19"
source_checksum = "sha256:b731bf4ba5b9fa3d105b05a23328cd0cb71e98531ffbbb87a5df316678dde2cd"
installed_checksum = "sha256:b731bf4ba5b9fa3d105b05a23328cd0cb71e98531ffbbb87a5df316678dde2cd"
dest_path = "agents/browser-tester.md"

[items."agents/code-documenter.md"]
source = "meridian-dev-workflow"
kind = "agent"
version = "v0.0.19"
source_checksum = "sha256:7f5c1edf8ce6d5ef8a5310c46d81080a993a52567bdadb0f4bf94e661eb886af"
installed_checksum = "sha256:7f5c1edf8ce6d5ef8a5310c46d81080a993a52567bdadb0f4bf94e661eb886af"
dest_path = "agents/code-documenter.md"

[items."agents/coder.md"]
source = "meridian-dev-workflow"
kind = "agent"
version = "v0.0.19"
source_checksum = "sha256:ef6143224fb2079464f6db739a6bb3c8ffe6f7b13dc84c678cd9b934e67be2ac"
installed_checksum = "sha256:ef6143224fb2079464f6db739a6bb3c8ffe6f7b13dc84c678cd9b934e67be2ac"
dest_path = "agents/coder.md"

[items."agents/design-orchestrator.md"]
source = "meridian-dev-workflow"
kind = "agent"
version = "v0.0.19"
source_checksum = "sha256:1b4f782cdc1c2b1366d3e60f52406861520dce1eb332b7dc3794da3a48455ba6"
installed_checksum = "sha256:1b4f782cdc1c2b1366d3e60f52406861520dce1eb332b7dc3794da3a48455ba6"
dest_path = "agents/design-orchestrator.md"

[items."agents/dev-orchestrator.md"]
source = "meridian-dev-workflow"
kind = "agent"
version = "v0.0.19"
source_checksum = "sha256:e60c9fa1a8c4b4b864460945fc5181d1b6a7db263f6b0c914dd76adcfc7fc9f1"
installed_checksum = "sha256:e60c9fa1a8c4b4b864460945fc5181d1b6a7db263f6b0c914dd76adcfc7fc9f1"
dest_path = "agents/dev-orchestrator.md"

[items."agents/docs-orchestrator.md"]
source = "meridian-dev-workflow"
kind = "agent"
version = "v0.0.19"
source_checksum = "sha256:65497395f6d176cdadeeb098a797e6757c920b799c5c9eda4c04cfe2db3eb5e3"
installed_checksum = "sha256:65497395f6d176cdadeeb098a797e6757c920b799c5c9eda4c04cfe2db3eb5e3"
dest_path = "agents/docs-orchestrator.md"

[items."agents/explorer.md"]
source = "meridian-dev-workflow"
kind = "agent"
version = "v0.0.19"
source_checksum = "sha256:882e0dec61bc52841201b913e21cb14cf811f54db82fa169430bc1f84261a720"
installed_checksum = "sha256:882e0dec61bc52841201b913e21cb14cf811f54db82fa169430bc1f84261a720"
dest_path = "agents/explorer.md"

[items."agents/frontend-coder.md"]
source = "meridian-dev-workflow"
kind = "agent"
version = "v0.0.19"
source_checksum = "sha256:e23e77027a1ed6d229cb0bf63e6995267f214f9e3b7609c8b5831bdeaf731e1e"
installed_checksum = "sha256:e23e77027a1ed6d229cb0bf63e6995267f214f9e3b7609c8b5831bdeaf731e1e"
dest_path = "agents/frontend-coder.md"

[items."agents/frontend-designer.md"]
source = "meridian-dev-workflow"
kind = "agent"
version = "v0.0.19"
source_checksum = "sha256:3b81e8a8e30731c90cafc3ff149a5d155e2e44d673a06c84570db144c37e4fd0"
installed_checksum = "sha256:3b81e8a8e30731c90cafc3ff149a5d155e2e44d673a06c84570db144c37e4fd0"
dest_path = "agents/frontend-designer.md"

[items."agents/impl-orchestrator.md"]
source = "meridian-dev-workflow"
kind = "agent"
version = "v0.0.19"
source_checksum = "sha256:ab8b36f67cac3471426fb3d0dac5cee765b6c78fd358151940e1471fb8e25094"
installed_checksum = "sha256:ab8b36f67cac3471426fb3d0dac5cee765b6c78fd358151940e1471fb8e25094"
dest_path = "agents/impl-orchestrator.md"

[items."agents/internet-researcher.md"]
source = "meridian-dev-workflow"
kind = "agent"
version = "v0.0.19"
source_checksum = "sha256:c8c0221fd46e3836631a51d5f301e74554a53db439d29cfba52269d0bb6d6a98"
installed_checksum = "sha256:c8c0221fd46e3836631a51d5f301e74554a53db439d29cfba52269d0bb6d6a98"
dest_path = "agents/internet-researcher.md"

[items."agents/investigator.md"]
source = "meridian-dev-workflow"
kind = "agent"
version = "v0.0.19"
source_checksum = "sha256:7efa6ba49738b96f3b06041da0443f4d9d87248a10e384ecfc53d231fa67c004"
installed_checksum = "sha256:7efa6ba49738b96f3b06041da0443f4d9d87248a10e384ecfc53d231fa67c004"
dest_path = "agents/investigator.md"

[items."agents/meridian-default-orchestrator.md"]
source = "meridian-base"
kind = "agent"
source_checksum = "sha256:50d05d905ee275b9ae196cd60480b35e540dcb76cc775a38ad3299a191364dd6"
installed_checksum = "sha256:50d05d905ee275b9ae196cd60480b35e540dcb76cc775a38ad3299a191364dd6"
dest_path = "agents/meridian-default-orchestrator.md"

[items."agents/meridian-subagent.md"]
source = "meridian-base"
kind = "agent"
source_checksum = "sha256:ac081428ccb528455714122ca0d7ea0a433da2540c746e8da7cb88a0d547ea63"
installed_checksum = "sha256:ac081428ccb528455714122ca0d7ea0a433da2540c746e8da7cb88a0d547ea63"
dest_path = "agents/meridian-subagent.md"

[items."agents/planner.md"]
source = "meridian-dev-workflow"
kind = "agent"
version = "v0.0.19"
source_checksum = "sha256:7f52ffeccd36bc04b8d60db60e61b1632287c4616176765ebdefb284e735d36b"
installed_checksum = "sha256:7f52ffeccd36bc04b8d60db60e61b1632287c4616176765ebdefb284e735d36b"
dest_path = "agents/planner.md"

[items."agents/refactor-reviewer.md"]
source = "meridian-dev-workflow"
kind = "agent"
version = "v0.0.19"
source_checksum = "sha256:5722b70ae9b094cb22c93d93bc54f314b3201e7a5679fe42c93cfca6d2de34b3"
installed_checksum = "sha256:5722b70ae9b094cb22c93d93bc54f314b3201e7a5679fe42c93cfca6d2de34b3"
dest_path = "agents/refactor-reviewer.md"

[items."agents/reviewer.md"]
source = "meridian-dev-workflow"
kind = "agent"
version = "v0.0.19"
source_checksum = "sha256:be3237bcfb40f6648e057c087d8c40e7342bd1e24775989d5a2570f82ba96f47"
installed_checksum = "sha256:be3237bcfb40f6648e057c087d8c40e7342bd1e24775989d5a2570f82ba96f47"
dest_path = "agents/reviewer.md"

[items."agents/smoke-tester.md"]
source = "meridian-dev-workflow"
kind = "agent"
version = "v0.0.19"
source_checksum = "sha256:18bcafe36a6633ebb73f1e21247741d51c87a141e2bc05e7e74b952489ab5ec1"
installed_checksum = "sha256:18bcafe36a6633ebb73f1e21247741d51c87a141e2bc05e7e74b952489ab5ec1"
dest_path = "agents/smoke-tester.md"

[items."agents/tech-writer.md"]
source = "meridian-dev-workflow"
kind = "agent"
version = "v0.0.19"
source_checksum = "sha256:f8a5b9e4a8ae48c4ebbe4c30cc4c51443bd6d8fb09083320f8f9132f234563de"
installed_checksum = "sha256:f8a5b9e4a8ae48c4ebbe4c30cc4c51443bd6d8fb09083320f8f9132f234563de"
dest_path = "agents/tech-writer.md"

[items."agents/unit-tester.md"]
source = "meridian-dev-workflow"
kind = "agent"
version = "v0.0.19"
source_checksum = "sha256:43dd96e6667b09361ac51212816cfd9f11b2d33e3967dcc1d6518a5b422e424b"
installed_checksum = "sha256:43dd96e6667b09361ac51212816cfd9f11b2d33e3967dcc1d6518a5b422e424b"
dest_path = "agents/unit-tester.md"

[items."agents/verifier.md"]
source = "meridian-dev-workflow"
kind = "agent"
version = "v0.0.19"
source_checksum = "sha256:268c649bb694c1f610603fb2224990282e72052f279f8bbb42e2f48d00c3720e"
installed_checksum = "sha256:268c649bb694c1f610603fb2224990282e72052f279f8bbb42e2f48d00c3720e"
dest_path = "agents/verifier.md"

[items."skills/agent-creator"]
source = "meridian-base"
kind = "skill"
source_checksum = "sha256:51a74dabf3c7c0b7cbced2d3608247147d15c9bf478a3ecd0e334b6908e0ebbd"
installed_checksum = "sha256:51a74dabf3c7c0b7cbced2d3608247147d15c9bf478a3ecd0e334b6908e0ebbd"
dest_path = "skills/agent-creator"

[items."skills/agent-staffing"]
source = "meridian-dev-workflow"
kind = "skill"
version = "v0.0.19"
source_checksum = "sha256:2758ca969fa192c83142ec07a407ac9775ace23d76de1991857e7aab2592b303"
installed_checksum = "sha256:2758ca969fa192c83142ec07a407ac9775ace23d76de1991857e7aab2592b303"
dest_path = "skills/agent-staffing"

[items."skills/architecture"]
source = "meridian-dev-workflow"
kind = "skill"
version = "v0.0.19"
source_checksum = "sha256:a1b9ee66c1dce20256ba4fb1ebde55b7027206a664f8b6f26bf67c1c75934010"
installed_checksum = "sha256:a1b9ee66c1dce20256ba4fb1ebde55b7027206a664f8b6f26bf67c1c75934010"
dest_path = "skills/architecture"

[items."skills/browser-test"]
source = "meridian-dev-workflow"
kind = "skill"
version = "v0.0.19"
source_checksum = "sha256:1864f3e0d47a008cebd0542b4188c93fa08589407d17003e389a55f26bd651d0"
installed_checksum = "sha256:1864f3e0d47a008cebd0542b4188c93fa08589407d17003e389a55f26bd651d0"
dest_path = "skills/browser-test"

[items."skills/caveman"]
source = "caveman"
kind = "skill"
version = "v1.5.1"
source_checksum = "sha256:e3cf2c3ba35d34a39f1c54bf9fa3d2afa9569374de327aaa4356226c60ad3b83"
installed_checksum = "sha256:e3cf2c3ba35d34a39f1c54bf9fa3d2afa9569374de327aaa4356226c60ad3b83"
dest_path = "skills/caveman"

[items."skills/caveman-commit"]
source = "caveman"
kind = "skill"
version = "v1.3.5"
source_checksum = "sha256:f01e62b151d2d285f4657b5aa7af17966f2d53e95e615d5a773d5005e6c6e57f"
installed_checksum = "sha256:f01e62b151d2d285f4657b5aa7af17966f2d53e95e615d5a773d5005e6c6e57f"
dest_path = "skills/caveman-commit"

[items."skills/caveman-help"]
source = "caveman"
kind = "skill"
version = "v1.5.1"
source_checksum = "sha256:6e9f9fa3d137446ef073a9c5d416bd6efe90ad9a9cf1467d0bc959ed2d080107"
installed_checksum = "sha256:6e9f9fa3d137446ef073a9c5d416bd6efe90ad9a9cf1467d0bc959ed2d080107"
dest_path = "skills/caveman-help"

[items."skills/caveman-review"]
source = "caveman"
kind = "skill"
version = "v1.3.5"
source_checksum = "sha256:59a7939632c57841b58fd64c010b013cc98ad861931fd3be65e3d8fe49452f58"
installed_checksum = "sha256:59a7939632c57841b58fd64c010b013cc98ad861931fd3be65e3d8fe49452f58"
dest_path = "skills/caveman-review"

[items."skills/context-handoffs"]
source = "meridian-dev-workflow"
kind = "skill"
source_checksum = "sha256:a624fd88a8b1ddeb0acc53bd5acee37cc21a3d655958fa20a0d8d100d1011ebe"
installed_checksum = "sha256:a624fd88a8b1ddeb0acc53bd5acee37cc21a3d655958fa20a0d8d100d1011ebe"
dest_path = "skills/context-handoffs"

[items."skills/decision-log"]
source = "meridian-dev-workflow"
kind = "skill"
source_checksum = "sha256:07b7fca233343ea04597dd7a68d59d3c86c1cf586478034e51ce5cf41ab1bc8a"
installed_checksum = "sha256:07b7fca233343ea04597dd7a68d59d3c86c1cf586478034e51ce5cf41ab1bc8a"
dest_path = "skills/decision-log"

[items."skills/dev-artifacts"]
source = "meridian-dev-workflow"
kind = "skill"
version = "v0.0.19"
source_checksum = "sha256:e7cb11227510a1e264bc2ef4d98a1fcd588b43d9f347b16a62d1bcb6167fb48a"
installed_checksum = "sha256:e7cb11227510a1e264bc2ef4d98a1fcd588b43d9f347b16a62d1bcb6167fb48a"
dest_path = "skills/dev-artifacts"

[items."skills/dev-principles"]
source = "meridian-dev-workflow"
kind = "skill"
version = "v0.0.19"
source_checksum = "sha256:1036cd9dacefeef7f66b82e5a9bb61002851cc49d6afe78dd889524d17c4d2de"
installed_checksum = "sha256:1036cd9dacefeef7f66b82e5a9bb61002851cc49d6afe78dd889524d17c4d2de"
dest_path = "skills/dev-principles"

[items."skills/ears-parsing"]
source = "meridian-dev-workflow"
kind = "skill"
version = "v0.0.19"
source_checksum = "sha256:9e2bfd37f12d15324612199515b615b6117135a8d65d2056f1b9180d24e3ebf3"
installed_checksum = "sha256:9e2bfd37f12d15324612199515b615b6117135a8d65d2056f1b9180d24e3ebf3"
dest_path = "skills/ears-parsing"

[items."skills/frontend-design"]
source = "anthropic-skills"
kind = "skill"
source_checksum = "sha256:3dc9d9c837c7f390c1bf8b13e4667cf167340067bfbaf6d734d644eb08c640a1"
installed_checksum = "sha256:3dc9d9c837c7f390c1bf8b13e4667cf167340067bfbaf6d734d644eb08c640a1"
dest_path = "skills/frontend-design"

[items."skills/issues"]
source = "meridian-dev-workflow"
kind = "skill"
source_checksum = "sha256:de081162901c7a7c9959f79b82c3d3242c9f8220926766d0550109eedf71f2ab"
installed_checksum = "sha256:de081162901c7a7c9959f79b82c3d3242c9f8220926766d0550109eedf71f2ab"
dest_path = "skills/issues"

[items."skills/meridian-cli"]
source = "meridian-base"
kind = "skill"
version = "v0.0.14"
source_checksum = "sha256:91a58e40d92af4fe622cb179ad573f959d98d83d17fe4c482128eb80a1057e42"
installed_checksum = "sha256:91a58e40d92af4fe622cb179ad573f959d98d83d17fe4c482128eb80a1057e42"
dest_path = "skills/meridian-cli"

[items."skills/meridian-privilege-escalation"]
source = "meridian-base"
kind = "skill"
source_checksum = "sha256:e0341d4ed3657d4a4c6a0a96f804376e6f960e3f7f2fd9b91ac8d672ea4e2938"
installed_checksum = "sha256:e0341d4ed3657d4a4c6a0a96f804376e6f960e3f7f2fd9b91ac8d672ea4e2938"
dest_path = "skills/meridian-privilege-escalation"

[items."skills/meridian-spawn"]
source = "meridian-base"
kind = "skill"
version = "v0.0.12"
source_checksum = "sha256:88bd69f9c3d0dddf6e2fa0cacd1ab095b186c245757df12d69fb39b9f58dac91"
installed_checksum = "sha256:88bd69f9c3d0dddf6e2fa0cacd1ab095b186c245757df12d69fb39b9f58dac91"
dest_path = "skills/meridian-spawn"

[items."skills/meridian-work-coordination"]
source = "meridian-base"
kind = "skill"
source_checksum = "sha256:8fa41ae4296621e85a279379951a65333786773721faa3ff2db23faa322cc0cc"
installed_checksum = "sha256:8fa41ae4296621e85a279379951a65333786773721faa3ff2db23faa322cc0cc"
dest_path = "skills/meridian-work-coordination"

[items."skills/mermaid"]
source = "meridian-dev-workflow"
kind = "skill"
version = "v0.0.19"
source_checksum = "sha256:a072a929cbbdefd3f8fe6bef8382cfab53338321ed99c3fc722553034276cf93"
installed_checksum = "sha256:a072a929cbbdefd3f8fe6bef8382cfab53338321ed99c3fc722553034276cf93"
dest_path = "skills/mermaid"

[items."skills/planning"]
source = "meridian-dev-workflow"
kind = "skill"
version = "v0.0.19"
source_checksum = "sha256:9a569208783d195ab77d2b43c70f23a03c47b466a70b61fc1a54951483252866"
installed_checksum = "sha256:9a569208783d195ab77d2b43c70f23a03c47b466a70b61fc1a54951483252866"
dest_path = "skills/planning"

[items."skills/review"]
source = "meridian-dev-workflow"
kind = "skill"
version = "v0.0.19"
source_checksum = "sha256:54322faeab3a1bb86f7f7cb2658a3c53e9da907fe1b27f81501963b2b3109334"
installed_checksum = "sha256:54322faeab3a1bb86f7f7cb2658a3c53e9da907fe1b27f81501963b2b3109334"
dest_path = "skills/review"

[items."skills/session-mining"]
source = "meridian-dev-workflow"
kind = "skill"
version = "v0.0.19"
source_checksum = "sha256:073ff834e8c57a8695683d75e129330dfebd4c1a82cc56c0581a9f85014f8bfc"
installed_checksum = "sha256:073ff834e8c57a8695683d75e129330dfebd4c1a82cc56c0581a9f85014f8bfc"
dest_path = "skills/session-mining"

[items."skills/skill-creator"]
source = "meridian-base"
kind = "skill"
source_checksum = "sha256:b87c7c496653be9b5e338b28842187ec60489619e58914476cbd7c5ebd94e7e3"
installed_checksum = "sha256:b87c7c496653be9b5e338b28842187ec60489619e58914476cbd7c5ebd94e7e3"
dest_path = "skills/skill-creator"

[items."skills/smoke-test"]
source = "meridian-dev-workflow"
kind = "skill"
version = "v0.0.19"
source_checksum = "sha256:ef378f579528a4e8c403bea2cbcd20617eedd8ed16ff9a89d0ac28f7530e856b"
installed_checksum = "sha256:ef378f579528a4e8c403bea2cbcd20617eedd8ed16ff9a89d0ac28f7530e856b"
dest_path = "skills/smoke-test"

[items."skills/tech-docs"]
source = "meridian-dev-workflow"
kind = "skill"
version = "v0.0.19"
source_checksum = "sha256:cf5202db0a395a20c3308a9d45cfd2aef8c5fe77f3b8fcd09301d69aec541ca7"
installed_checksum = "sha256:cf5202db0a395a20c3308a9d45cfd2aef8c5fe77f3b8fcd09301d69aec541ca7"
dest_path = "skills/tech-docs"

[items."skills/unit-test"]
source = "meridian-dev-workflow"
kind = "skill"
version = "v0.0.19"
source_checksum = "sha256:e3916af6ac645d156ddd13b9db5d8930e448170bd197c50cb0fec3764f816e93"
installed_checksum = "sha256:e3916af6ac645d156ddd13b9db5d8930e448170bd197c50cb0fec3764f816e93"
dest_path = "skills/unit-test"

[items."skills/verification"]
source = "meridian-dev-workflow"
kind = "skill"
version = "v0.0.19"
source_checksum = "sha256:a57001192c36a65c1c4cf7b9d7d32d8e88cf6526f231620949d9abc24936ab88"
installed_checksum = "sha256:a57001192c36a65c1c4cf7b9d7d32d8e88cf6526f231620949d9abc24936ab88"
dest_path = "skills/verification"
