{
  "items": {
    "agent:__meridian-orchestrator": {
      "content_hash": "sha256:bcc815d54f4cd1b4d8ab82f86eb220b986cabdf6b15e46aeca2398780e22b5b3",
      "destination_path": ".agents/agents/__meridian-orchestrator.md",
      "source_item_id": "agent:__meridian-orchestrator",
      "source_name": "meridian-base"
    },
    "agent:__meridian-subagent": {
      "content_hash": "sha256:8a92ac48c5025761c3aab71cb9cf4e74606ebdc85d2a1014adb264e095b97530",
      "destination_path": ".agents/agents/__meridian-subagent.md",
      "source_item_id": "agent:__meridian-subagent",
      "source_name": "meridian-base"
    },
    "agent:architect": {
      "content_hash": "sha256:17580ae3751120b65c4fb6a8191040bdbdb3db63460206045396e6ce73ab006b",
      "destination_path": ".agents/agents/architect.md",
      "source_item_id": "agent:architect",
      "source_name": "meridian-dev-workflow"
    },
    "agent:browser-tester": {
      "content_hash": "sha256:7772b8a6d15a231d4399ddce7f66312237328d97246984a40b6c5cb7b62a8a75",
      "destination_path": ".agents/agents/browser-tester.md",
      "source_item_id": "agent:browser-tester",
      "source_name": "meridian-dev-workflow"
    },
    "agent:coder": {
      "content_hash": "sha256:385d0e7d64e319a45c4e753c016a5df7e35d70e29b41d4adf3b5436b6d9b8fbe",
      "destination_path": ".agents/agents/coder.md",
      "source_item_id": "agent:coder",
      "source_name": "meridian-dev-workflow"
    },
    "agent:dev-orchestrator": {
      "content_hash": "sha256:3d11c45398f8f06d8e7906996c180a9d5b68b59ce7325f694239ee00988ca19f",
      "destination_path": ".agents/agents/dev-orchestrator.md",
      "source_item_id": "agent:dev-orchestrator",
      "source_name": "meridian-dev-workflow"
    },
    "agent:dev-runner": {
      "content_hash": "sha256:2be9e01940c81bd786a8d6c48e5fc13bee0557d76b54d68fd395458df1dfb84b",
      "destination_path": ".agents/agents/dev-runner.md",
      "source_item_id": "agent:dev-runner",
      "source_name": "meridian-dev-workflow"
    },
    "agent:documenter": {
      "content_hash": "sha256:187494d37975ed37374b2c4fd949d0f27caddcc9cd21ed768fc3b421598297d9",
      "destination_path": ".agents/agents/documenter.md",
      "source_item_id": "agent:documenter",
      "source_name": "meridian-dev-workflow"
    },
    "agent:explorer": {
      "content_hash": "sha256:cf22c0aaff670f6e0f5b41db199bd7d0cd6f96df7eeba34fa36f69d2eb646ab7",
      "destination_path": ".agents/agents/explorer.md",
      "source_item_id": "agent:explorer",
      "source_name": "meridian-dev-workflow"
    },
    "agent:frontend-coder": {
      "content_hash": "sha256:e760c2d75e5f7054c6e7074e8d64334b7e443cc9c61238b61014ed00ea35e008",
      "destination_path": ".agents/agents/frontend-coder.md",
      "source_item_id": "agent:frontend-coder",
      "source_name": "meridian-dev-workflow"
    },
    "agent:frontend-designer": {
      "content_hash": "sha256:06eacad776b07f30c9393777dc6b1d0937ca87b9fce32dd909ee2fddc8311f75",
      "destination_path": ".agents/agents/frontend-designer.md",
      "source_item_id": "agent:frontend-designer",
      "source_name": "meridian-dev-workflow"
    },
    "agent:investigator": {
      "content_hash": "sha256:2f9e8dc950e4a0975e096ed1f6ed5bb3be8f013b4e6fa21c652373c81484e702",
      "destination_path": ".agents/agents/investigator.md",
      "source_item_id": "agent:investigator",
      "source_name": "meridian-dev-workflow"
    },
    "agent:planner": {
      "content_hash": "sha256:8721e04d3093e6ec6ae774e660ba568210617964ef26a8422d16316e70452aaf",
      "destination_path": ".agents/agents/planner.md",
      "source_item_id": "agent:planner",
      "source_name": "meridian-dev-workflow"
    },
    "agent:researcher": {
      "content_hash": "sha256:edb8ca0b0ef4734fb8bf97d2ab422f2fcc74927b51a061daabd0a282b2878a84",
      "destination_path": ".agents/agents/researcher.md",
      "source_item_id": "agent:researcher",
      "source_name": "meridian-dev-workflow"
    },
    "agent:reviewer": {
      "content_hash": "sha256:92d563e670e0c1323619295486e2caeb836db7328e2248b6f72b491387266d5a",
      "destination_path": ".agents/agents/reviewer.md",
      "source_item_id": "agent:reviewer",
      "source_name": "meridian-dev-workflow"
    },
    "agent:smoke-tester": {
      "content_hash": "sha256:8a446cbca061a5ff993ed88bfc3a3b856a3d4890d10786c3d18c800833a3fe84",
      "destination_path": ".agents/agents/smoke-tester.md",
      "source_item_id": "agent:smoke-tester",
      "source_name": "meridian-dev-workflow"
    },
    "agent:unit-tester": {
      "content_hash": "sha256:9d6346c09a50d6a385f33db0b008c7280064d7953d5ea28788f96e4d627623da",
      "destination_path": ".agents/agents/unit-tester.md",
      "source_item_id": "agent:unit-tester",
      "source_name": "meridian-dev-workflow"
    },
    "agent:verifier": {
      "content_hash": "sha256:54da33b737ea7f538fc431e6a46c574a2efc240b312820893eaf65569385cea9",
      "destination_path": ".agents/agents/verifier.md",
      "source_item_id": "agent:verifier",
      "source_name": "meridian-dev-workflow"
    },
    "skill:__meridian-diagnostics": {
      "content_hash": "sha256:2c7bfe9acf917bdf512204c20eaaf8e527177e7a728939c1e28f580aafe8dac4",
      "destination_path": ".agents/skills/__meridian-diagnostics",
      "source_item_id": "skill:__meridian-diagnostics",
      "source_name": "meridian-base"
    },
    "skill:__meridian-install": {
      "content_hash": "sha256:c43e3cc5b49389c447cb9efc4c95e3dd5795cf7bfcabe6a8181c098c8761a28f",
      "destination_path": ".agents/skills/__meridian-install",
      "source_item_id": "skill:__meridian-install",
      "source_name": "meridian-base"
    },
    "skill:__meridian-orchestration": {
      "content_hash": "sha256:98235a5c3ddee6ddf9f09877a85fd6aa636a81ddec0856d534d4dd708569c0f7",
      "destination_path": ".agents/skills/__meridian-orchestration",
      "source_item_id": "skill:__meridian-orchestration",
      "source_name": "meridian-base"
    },
    "skill:__meridian-session-context": {
      "content_hash": "sha256:c0ee9b4bee312245116159a2cb4d881b08cac5860aba37e32d83b5a36b65e433",
      "destination_path": ".agents/skills/__meridian-session-context",
      "source_item_id": "skill:__meridian-session-context",
      "source_name": "meridian-base"
    },
    "skill:__meridian-spawn": {
      "content_hash": "sha256:210f2a487c1881c78b0ade7f8a99f9efffa98aff5e9767925272d704093eb499",
      "destination_path": ".agents/skills/__meridian-spawn",
      "source_item_id": "skill:__meridian-spawn",
      "source_name": "meridian-base"
    },
    "skill:__meridian-work-coordination": {
      "content_hash": "sha256:f0e6ced561bc5492c52b0273d4cadf88cc0e7cd5f5b65deb14d342cb3f6812de",
      "destination_path": ".agents/skills/__meridian-work-coordination",
      "source_item_id": "skill:__meridian-work-coordination",
      "source_name": "meridian-base"
    },
    "skill:agent-staffing": {
      "content_hash": "sha256:b7bc9b29296082bd4a4ac4d82780caae4d69f55c2123345839037632c160ce1b",
      "destination_path": ".agents/skills/agent-staffing",
      "source_item_id": "skill:agent-staffing",
      "source_name": "meridian-dev-workflow"
    },
    "skill:architecture": {
      "content_hash": "sha256:229279bd5a42793d547b469b166a5cad9b7d08bedb3d91f757025b777f44e893",
      "destination_path": ".agents/skills/architecture",
      "source_item_id": "skill:architecture",
      "source_name": "meridian-dev-workflow"
    },
    "skill:browser-test": {
      "content_hash": "sha256:4ed3ca96b40ab974b2ac05ee4ca2c283c083eaf3ad2afa916e8c22a276255d3f",
      "destination_path": ".agents/skills/browser-test",
      "source_item_id": "skill:browser-test",
      "source_name": "meridian-dev-workflow"
    },
    "skill:dev-orchestration": {
      "content_hash": "sha256:b665a96ed5b6f786533b74759222b7271a3f744553a0a221397741ef46939327",
      "destination_path": ".agents/skills/dev-orchestration",
      "source_item_id": "skill:dev-orchestration",
      "source_name": "meridian-dev-workflow"
    },
    "skill:frontend-design": {
      "content_hash": "sha256:4b3daebe11049b6e2f1a5b4ecc3f21788a3e1e0d2a3da74b3434625a85acbc23",
      "destination_path": ".agents/skills/frontend-design",
      "source_item_id": "skill:frontend-design",
      "source_name": "meridian-dev-workflow"
    },
    "skill:issues": {
      "content_hash": "sha256:ae69322c784145169bafe3dbc9600f51c8cea7583c94883fce4c68d6cb09b90c",
      "destination_path": ".agents/skills/issues",
      "source_item_id": "skill:issues",
      "source_name": "meridian-dev-workflow"
    },
    "skill:mermaid": {
      "content_hash": "sha256:9edca522182f434c458856a3e4bc0feee301cecc77dd9891ec6dc59df45e90f6",
      "destination_path": ".agents/skills/mermaid",
      "source_item_id": "skill:mermaid",
      "source_name": "meridian-dev-workflow"
    },
    "skill:planning": {
      "content_hash": "sha256:32cd91390713c3ba8580302038509217a1239b03b9a3407d26ed22033855ee5b",
      "destination_path": ".agents/skills/planning",
      "source_item_id": "skill:planning",
      "source_name": "meridian-dev-workflow"
    },
    "skill:review": {
      "content_hash": "sha256:c416deae75188a9961ca3f43bd3dacc005eeb0e914e025a22789ce1a07df5284",
      "destination_path": ".agents/skills/review",
      "source_item_id": "skill:review",
      "source_name": "meridian-dev-workflow"
    },
    "skill:review-orchestration": {
      "content_hash": "sha256:534f7cf94bd63d848e3613afcdd7a6e3f8300acc3ee014070272496e06a8ac48",
      "destination_path": ".agents/skills/review-orchestration",
      "source_item_id": "skill:review-orchestration",
      "source_name": "meridian-dev-workflow"
    },
    "skill:smoke-test": {
      "content_hash": "sha256:71d756394cda50098b2597307313595762fbfcb413ed9892c6e6b7fa014773cb",
      "destination_path": ".agents/skills/smoke-test",
      "source_item_id": "skill:smoke-test",
      "source_name": "meridian-dev-workflow"
    },
    "skill:tech-docs": {
      "content_hash": "sha256:ff1fd8c03faa1fbeec6eb827be8af1f9fb37fe960f2b8cbb36440f26f33a3a12",
      "destination_path": ".agents/skills/tech-docs",
      "source_item_id": "skill:tech-docs",
      "source_name": "meridian-dev-workflow"
    },
    "skill:unit-test": {
      "content_hash": "sha256:ffd9b41d32b72ccb6c295c852438df436cc5cd2a3f6a0406ed1865931bb9d149",
      "destination_path": ".agents/skills/unit-test",
      "source_item_id": "skill:unit-test",
      "source_name": "meridian-dev-workflow"
    },
    "skill:verification": {
      "content_hash": "sha256:a422fbef57ce7c661485e1a1364affd4adce8e451955d80e69164b8c2636c03c",
      "destination_path": ".agents/skills/verification",
      "source_item_id": "skill:verification",
      "source_name": "meridian-dev-workflow"
    }
  },
  "sources": {
    "meridian-base": {
      "installed_at": null,
      "installed_tree_hash": "sha256:4ccfb922f3d9d8de027f5e15129fd976c68b0a95abd4d20813ee346092406457",
      "items": {
        "agent:__meridian-orchestrator": {
          "path": "agents/__meridian-orchestrator.md"
        },
        "agent:__meridian-subagent": {
          "path": "agents/__meridian-subagent.md"
        },
        "skill:__meridian-diagnostics": {
          "path": "skills/__meridian-diagnostics/SKILL.md"
        },
        "skill:__meridian-install": {
          "path": "skills/__meridian-install/SKILL.md"
        },
        "skill:__meridian-orchestration": {
          "path": "skills/__meridian-orchestration/SKILL.md"
        },
        "skill:__meridian-session-context": {
          "path": "skills/__meridian-session-context/SKILL.md"
        },
        "skill:__meridian-spawn": {
          "path": "skills/__meridian-spawn/SKILL.md"
        },
        "skill:__meridian-work-coordination": {
          "path": "skills/__meridian-work-coordination/SKILL.md"
        }
      },
      "kind": "git",
      "locator": "https://github.com/haowjy/meridian-base.git",
      "realized_closure": [
        "agent:__meridian-orchestrator",
        "agent:__meridian-subagent",
        "skill:__meridian-diagnostics",
        "skill:__meridian-install",
        "skill:__meridian-orchestration",
        "skill:__meridian-session-context",
        "skill:__meridian-spawn",
        "skill:__meridian-work-coordination"
      ],
      "requested_ref": "main",
      "resolved_identity": {
        "commit": "eca8749efca1539426e17c7f91c52e4ddf90a29f"
      }
    },
    "meridian-dev-workflow": {
      "installed_at": null,
      "installed_tree_hash": "sha256:e1a6aef0e048a07bc30b1246193dc2a7c3e6c3f0e0612d918845c3a522dbf74f",
      "items": {
        "agent:architect": {
          "path": "agents/architect.md"
        },
        "agent:browser-tester": {
          "path": "agents/browser-tester.md"
        },
        "agent:coder": {
          "path": "agents/coder.md"
        },
        "agent:dev-orchestrator": {
          "path": "agents/dev-orchestrator.md"
        },
        "agent:dev-runner": {
          "path": "agents/dev-runner.md"
        },
        "agent:documenter": {
          "path": "agents/documenter.md"
        },
        "agent:explorer": {
          "path": "agents/explorer.md"
        },
        "agent:frontend-coder": {
          "path": "agents/frontend-coder.md"
        },
        "agent:frontend-designer": {
          "path": "agents/frontend-designer.md"
        },
        "agent:investigator": {
          "path": "agents/investigator.md"
        },
        "agent:planner": {
          "path": "agents/planner.md"
        },
        "agent:researcher": {
          "path": "agents/researcher.md"
        },
        "agent:reviewer": {
          "path": "agents/reviewer.md"
        },
        "agent:smoke-tester": {
          "path": "agents/smoke-tester.md"
        },
        "agent:unit-tester": {
          "path": "agents/unit-tester.md"
        },
        "agent:verifier": {
          "path": "agents/verifier.md"
        },
        "skill:agent-staffing": {
          "path": "skills/agent-staffing/SKILL.md"
        },
        "skill:architecture": {
          "path": "skills/architecture/SKILL.md"
        },
        "skill:browser-test": {
          "path": "skills/browser-test/SKILL.md"
        },
        "skill:dev-orchestration": {
          "path": "skills/dev-orchestration/SKILL.md"
        },
        "skill:frontend-design": {
          "path": "skills/frontend-design/SKILL.md"
        },
        "skill:issues": {
          "path": "skills/issues/SKILL.md"
        },
        "skill:mermaid": {
          "path": "skills/mermaid/SKILL.md"
        },
        "skill:planning": {
          "path": "skills/planning/SKILL.md"
        },
        "skill:review": {
          "path": "skills/review/SKILL.md"
        },
        "skill:review-orchestration": {
          "path": "skills/review-orchestration/SKILL.md"
        },
        "skill:smoke-test": {
          "path": "skills/smoke-test/SKILL.md"
        },
        "skill:tech-docs": {
          "path": "skills/tech-docs/SKILL.md"
        },
        "skill:unit-test": {
          "path": "skills/unit-test/SKILL.md"
        },
        "skill:verification": {
          "path": "skills/verification/SKILL.md"
        }
      },
      "kind": "path",
      "locator": "meridian-dev-workflow",
      "realized_closure": [
        "agent:architect",
        "agent:browser-tester",
        "agent:coder",
        "agent:dev-orchestrator",
        "agent:dev-runner",
        "agent:documenter",
        "agent:explorer",
        "agent:frontend-coder",
        "agent:frontend-designer",
        "agent:investigator",
        "agent:planner",
        "agent:researcher",
        "agent:reviewer",
        "agent:smoke-tester",
        "agent:unit-tester",
        "agent:verifier",
        "skill:agent-staffing",
        "skill:architecture",
        "skill:browser-test",
        "skill:dev-orchestration",
        "skill:frontend-design",
        "skill:issues",
        "skill:mermaid",
        "skill:planning",
        "skill:review",
        "skill:review-orchestration",
        "skill:smoke-test",
        "skill:tech-docs",
        "skill:unit-test",
        "skill:verification"
      ],
      "requested_ref": null,
      "resolved_identity": {
        "path": "meridian-dev-workflow"
      }
    }
  },
  "version": 1
}
